
Microsoft Visual Studio Solution File, Format Version 12.00
# Visual Studio 14
VisualStudioVersion = 14.0.25420.1
MinimumVisualStudioVersion = 10.0.40219.1
Project("{FAE04EC0-301F-11D3-BF4B-00C04F79EFBC}") = "Problem_1", "Problem_1\Problem_1.csproj", "{FE7B2CB7-B130-40A6-999B-7FCB2288E3CF}"
EndProject
Project("{FAE04EC0-301F-11D3-BF4B-00C04F79EFBC}") = "Problem_2", "Problem_2\Problem_2.csproj", "{41902B0D-EE80-4C1B-8F9D-2BDB8263EAA3}"
EndProject
Project("{FAE04EC0-301F-11D3-BF4B-00C04F79EFBC}") = "Problem_3", "Problem_3\Problem_3.csproj", "{C82DBF76-8E22-466E-8D90-9A204A7FBE38}"
EndProject
Project("{FAE04EC0-301F-11D3-BF4B-00C04F79EFBC}") = "Problem_4", "Problem_4\Problem_4.csproj", "{82A79129-2ADD-42C5-B923-7433F20AE4AE}"
EndProject
Project("{FAE04EC0-301F-11D3-BF4B-00C04F79EFBC}") = "Problem_5", "Problem_5\Problem_5.csproj", "{27994D0B-5B50-4463-8E44-98BC8D8B8A30}"
EndProject
Project("{FAE04EC0-301F-11D3-BF4B-00C04F79EFBC}") = "Problem_6", "Problem_6\Problem_6.csproj", "{22DC0DAC-D90C-4E28-830A-33D6FC43C6A3}"
EndProject
Project("{FAE04EC0-301F-11D3-BF4B-00C04F79EFBC}") = "Problem_7", "Problem_7\Problem_7.csproj", "{1E983B01-83FC-4F80-A1BD-568290CBC2F8}"
EndProject
Project("{FAE04EC0-301F-11D3-BF4B-00C04F79EFBC}") = "Problem_8", "Problem_8\Problem_8.csproj", "{00EEFA2B-60A1-4F66-9DC6-F1B2BFA86EEE}"
EndProject
Project("{FAE04EC0-301F-11D3-BF4B-00C04F79EFBC}") = "Problem_9", "Problem_9\Problem_9.csproj", "{325E584D-AB17-4D9E-A579-498455712AD8}"
EndProject
Project("{FAE04EC0-301F-11D3-BF4B-00C04F79EFBC}") = "Problem_10", "Problem_10\Problem_10.csproj", "{165E08DD-801A-4C5F-902F-9DED601D4CF5}"
EndProject
Project("{FAE04EC0-301F-11D3-BF4B-00C04F79EFBC}") = "Problem_11", "Problem_11\Problem_11.csproj", "{E8B4286C-063B-4053-9EFC-AAF9CA6655E1}"
EndProject
Project("{FAE04EC0-301F-11D3-BF4B-00C04F79EFBC}") = "Problem_12", "Problem_12\Problem_12.csproj", "{FFCEB1DC-AF59-48B0-B76D-F1EF993B1D87}"
EndProject
Project("{FAE04EC0-301F-11D3-BF4B-00C04F79EFBC}") = "Problem_13", "Problem_13\Problem_13.csproj", "{7ACDE7D1-A0C9-47D6-A506-1351F1FE88E8}"
EndProject
Project("{FAE04EC0-301F-11D3-BF4B-00C04F79EFBC}") = "Problem_14", "Problem_14\Problem_14.csproj", "{B617B44D-F31C-4FE0-9C55-727827CA746E}"
EndProject
Project("{FAE04EC0-301F-11D3-BF4B-00C04F79EFBC}") = "Problem_15", "Problem_15\Problem_15.csproj", "{613BFD77-72DF-4367-88F9-926DA3262EAC}"
EndProject
Project("{FAE04EC0-301F-11D3-BF4B-00C04F79EFBC}") = "Problem_16", "Problem_16\Problem_16.csproj", "{89D12250-0F17-4412-B9B4-0303B1563FCD}"
EndProject
Project("{FAE04EC0-301F-11D3-BF4B-00C04F79EFBC}") = "Problem_18", "Problem_18\Problem_18.csproj", "{98177832-5B8F-4AA1-B510-8B662FB1A718}"
EndProject
Project("{FAE04EC0-301F-11D3-BF4B-00C04F79EFBC}") = "Problem_19", "Problem_19\Problem_19.csproj", "{20E0D1D8-06B9-4070-AE44-2E3DD21EBFB1}"
EndProject
Project("{FAE04EC0-301F-11D3-BF4B-00C04F79EFBC}") = "Problem_17", "Problem_17\Problem_17.csproj", "{244A109D-8FFD-4ABE-93BE-3711CBB4DD78}"
EndProject
Global
	GlobalSection(SolutionConfigurationPlatforms) = preSolution
		Debug|Any CPU = Debug|Any CPU
		Release|Any CPU = Release|Any CPU
	EndGlobalSection
	GlobalSection(ProjectConfigurationPlatforms) = postSolution
		{FE7B2CB7-B130-40A6-999B-7FCB2288E3CF}.Debug|Any CPU.ActiveCfg = Debug|Any CPU
		{FE7B2CB7-B130-40A6-999B-7FCB2288E3CF}.Debug|Any CPU.Build.0 = Debug|Any CPU
		{FE7B2CB7-B130-40A6-999B-7FCB2288E3CF}.Release|Any CPU.ActiveCfg = Release|Any CPU
		{FE7B2CB7-B130-40A6-999B-7FCB2288E3CF}.Release|Any CPU.Build.0 = Release|Any CPU
		{41902B0D-EE80-4C1B-8F9D-2BDB8263EAA3}.Debug|Any CPU.ActiveCfg = Debug|Any CPU
		{41902B0D-EE80-4C1B-8F9D-2BDB8263EAA3}.Debug|Any CPU.Build.0 = Debug|Any CPU
		{41902B0D-EE80-4C1B-8F9D-2BDB8263EAA3}.Release|Any CPU.ActiveCfg = Release|Any CPU
		{41902B0D-EE80-4C1B-8F9D-2BDB8263EAA3}.Release|Any CPU.Build.0 = Release|Any CPU
		{C82DBF76-8E22-466E-8D90-9A204A7FBE38}.Debug|Any CPU.ActiveCfg = Debug|Any CPU
		{C82DBF76-8E22-466E-8D90-9A204A7FBE38}.Debug|Any CPU.Build.0 = Debug|Any CPU
		{C82DBF76-8E22-466E-8D90-9A204A7FBE38}.Release|Any CPU.ActiveCfg = Release|Any CPU
		{C82DBF76-8E22-466E-8D90-9A204A7FBE38}.Release|Any CPU.Build.0 = Release|Any CPU
		{82A79129-2ADD-42C5-B923-7433F20AE4AE}.Debug|Any CPU.ActiveCfg = Debug|Any CPU
		{82A79129-2ADD-42C5-B923-7433F20AE4AE}.Debug|Any CPU.Build.0 = Debug|Any CPU
		{82A79129-2ADD-42C5-B923-7433F20AE4AE}.Release|Any CPU.ActiveCfg = Release|Any CPU
		{82A79129-2ADD-42C5-B923-7433F20AE4AE}.Release|Any CPU.Build.0 = Release|Any CPU
		{27994D0B-5B50-4463-8E44-98BC8D8B8A30}.Debug|Any CPU.ActiveCfg = Debug|Any CPU
		{27994D0B-5B50-4463-8E44-98BC8D8B8A30}.Debug|Any CPU.Build.0 = Debug|Any CPU
		{27994D0B-5B50-4463-8E44-98BC8D8B8A30}.Release|Any CPU.ActiveCfg = Release|Any CPU
		{27994D0B-5B50-4463-8E44-98BC8D8B8A30}.Release|Any CPU.Build.0 = Release|Any CPU
		{22DC0DAC-D90C-4E28-830A-33D6FC43C6A3}.Debug|Any CPU.ActiveCfg = Debug|Any CPU
		{22DC0DAC-D90C-4E28-830A-33D6FC43C6A3}.Debug|Any CPU.Build.0 = Debug|Any CPU
		{22DC0DAC-D90C-4E28-830A-33D6FC43C6A3}.Release|Any CPU.ActiveCfg = Release|Any CPU
		{22DC0DAC-D90C-4E28-830A-33D6FC43C6A3}.Release|Any CPU.Build.0 = Release|Any CPU
		{1E983B01-83FC-4F80-A1BD-568290CBC2F8}.Debug|Any CPU.ActiveCfg = Debug|Any CPU
		{1E983B01-83FC-4F80-A1BD-568290CBC2F8}.Debug|Any CPU.Build.0 = Debug|Any CPU
		{1E983B01-83FC-4F80-A1BD-568290CBC2F8}.Release|Any CPU.ActiveCfg = Release|Any CPU
		{1E983B01-83FC-4F80-A1BD-568290CBC2F8}.Release|Any CPU.Build.0 = Release|Any CPU
		{00EEFA2B-60A1-4F66-9DC6-F1B2BFA86EEE}.Debug|Any CPU.ActiveCfg = Debug|Any CPU
		{00EEFA2B-60A1-4F66-9DC6-F1B2BFA86EEE}.Debug|Any CPU.Build.0 = Debug|Any CPU
		{00EEFA2B-60A1-4F66-9DC6-F1B2BFA86EEE}.Release|Any CPU.ActiveCfg = Release|Any CPU
		{00EEFA2B-60A1-4F66-9DC6-F1B2BFA86EEE}.Release|Any CPU.Build.0 = Release|Any CPU
		{325E584D-AB17-4D9E-A579-498455712AD8}.Debug|Any CPU.ActiveCfg = Debug|Any CPU
		{325E584D-AB17-4D9E-A579-498455712AD8}.Debug|Any CPU.Build.0 = Debug|Any CPU
		{325E584D-AB17-4D9E-A579-498455712AD8}.Release|Any CPU.ActiveCfg = Release|Any CPU
		{325E584D-AB17-4D9E-A579-498455712AD8}.Release|Any CPU.Build.0 = Release|Any CPU
		{165E08DD-801A-4C5F-902F-9DED601D4CF5}.Debug|Any CPU.ActiveCfg = Debug|Any CPU
		{165E08DD-801A-4C5F-902F-9DED601D4CF5}.Debug|Any CPU.Build.0 = Debug|Any CPU
		{165E08DD-801A-4C5F-902F-9DED601D4CF5}.Release|Any CPU.ActiveCfg = Release|Any CPU
		{165E08DD-801A-4C5F-902F-9DED601D4CF5}.Release|Any CPU.Build.0 = Release|Any CPU
		{E8B4286C-063B-4053-9EFC-AAF9CA6655E1}.Debug|Any CPU.ActiveCfg = Debug|Any CPU
		{E8B4286C-063B-4053-9EFC-AAF9CA6655E1}.Debug|Any CPU.Build.0 = Debug|Any CPU
		{E8B4286C-063B-4053-9EFC-AAF9CA6655E1}.Release|Any CPU.ActiveCfg = Release|Any CPU
		{E8B4286C-063B-4053-9EFC-AAF9CA6655E1}.Release|Any CPU.Build.0 = Release|Any CPU
		{FFCEB1DC-AF59-48B0-B76D-F1EF993B1D87}.Debug|Any CPU.ActiveCfg = Debug|Any CPU
		{FFCEB1DC-AF59-48B0-B76D-F1EF993B1D87}.Debug|Any CPU.Build.0 = Debug|Any CPU
		{FFCEB1DC-AF59-48B0-B76D-F1EF993B1D87}.Release|Any CPU.ActiveCfg = Release|Any CPU
		{FFCEB1DC-AF59-48B0-B76D-F1EF993B1D87}.Release|Any CPU.Build.0 = Release|Any CPU
		{7ACDE7D1-A0C9-47D6-A506-1351F1FE88E8}.Debug|Any CPU.ActiveCfg = Debug|Any CPU
		{7ACDE7D1-A0C9-47D6-A506-1351F1FE88E8}.Debug|Any CPU.Build.0 = Debug|Any CPU
		{7ACDE7D1-A0C9-47D6-A506-1351F1FE88E8}.Release|Any CPU.ActiveCfg = Release|Any CPU
		{7ACDE7D1-A0C9-47D6-A506-1351F1FE88E8}.Release|Any CPU.Build.0 = Release|Any CPU
		{B617B44D-F31C-4FE0-9C55-727827CA746E}.Debug|Any CPU.ActiveCfg = Debug|Any CPU
		{B617B44D-F31C-4FE0-9C55-727827CA746E}.Debug|Any CPU.Build.0 = Debug|Any CPU
		{B617B44D-F31C-4FE0-9C55-727827CA746E}.Release|Any CPU.ActiveCfg = Release|Any CPU
		{B617B44D-F31C-4FE0-9C55-727827CA746E}.Release|Any CPU.Build.0 = Release|Any CPU
		{613BFD77-72DF-4367-88F9-926DA3262EAC}.Debug|Any CPU.ActiveCfg = Debug|Any CPU
		{613BFD77-72DF-4367-88F9-926DA3262EAC}.Debug|Any CPU.Build.0 = Debug|Any CPU
		{613BFD77-72DF-4367-88F9-926DA3262EAC}.Release|Any CPU.ActiveCfg = Release|Any CPU
		{613BFD77-72DF-4367-88F9-926DA3262EAC}.Release|Any CPU.Build.0 = Release|Any CPU
		{89D12250-0F17-4412-B9B4-0303B1563FCD}.Debug|Any CPU.ActiveCfg = Debug|Any CPU
		{89D12250-0F17-4412-B9B4-0303B1563FCD}.Debug|Any CPU.Build.0 = Debug|Any CPU
		{89D12250-0F17-4412-B9B4-0303B1563FCD}.Release|Any CPU.ActiveCfg = Release|Any CPU
		{89D12250-0F17-4412-B9B4-0303B1563FCD}.Release|Any CPU.Build.0 = Release|Any CPU
		{98177832-5B8F-4AA1-B510-8B662FB1A718}.Debug|Any CPU.ActiveCfg = Debug|Any CPU
		{98177832-5B8F-4AA1-B510-8B662FB1A718}.Debug|Any CPU.Build.0 = Debug|Any CPU
		{98177832-5B8F-4AA1-B510-8B662FB1A718}.Release|Any CPU.ActiveCfg = Release|Any CPU
		{98177832-5B8F-4AA1-B510-8B662FB1A718}.Release|Any CPU.Build.0 = Release|Any CPU
		{20E0D1D8-06B9-4070-AE44-2E3DD21EBFB1}.Debug|Any CPU.ActiveCfg = Debug|Any CPU
		{20E0D1D8-06B9-4070-AE44-2E3DD21EBFB1}.Debug|Any CPU.Build.0 = Debug|Any CPU
		{20E0D1D8-06B9-4070-AE44-2E3DD21EBFB1}.Release|Any CPU.ActiveCfg = Release|Any CPU
		{20E0D1D8-06B9-4070-AE44-2E3DD21EBFB1}.Release|Any CPU.Build.0 = Release|Any CPU
		{244A109D-8FFD-4ABE-93BE-3711CBB4DD78}.Debug|Any CPU.ActiveCfg = Debug|Any CPU
		{244A109D-8FFD-4ABE-93BE-3711CBB4DD78}.Debug|Any CPU.Build.0 = Debug|Any CPU
		{244A109D-8FFD-4ABE-93BE-3711CBB4DD78}.Release|Any CPU.ActiveCfg = Release|Any CPU
		{244A109D-8FFD-4ABE-93BE-3711CBB4DD78}.Release|Any CPU.Build.0 = Release|Any CPU
	EndGlobalSection
	GlobalSection(SolutionProperties) = preSolution
		HideSolutionNode = FALSE
	EndGlobalSection
EndGlobal
