
Microsoft Visual Studio Solution File, Format Version 12.00
# Visual Studio 14
VisualStudioVersion = 14.0.25420.1
MinimumVisualStudioVersion = 10.0.40219.1
Project("{FAE04EC0-301F-11D3-BF4B-00C04F79EFBC}") = "Problem_1", "Problem_1\Problem_1.csproj", "{8EEF5B9C-85F4-438C-B988-500EE0220137}"
EndProject
Project("{FAE04EC0-301F-11D3-BF4B-00C04F79EFBC}") = "Problem_2", "Problem_2\Problem_2.csproj", "{04F2E526-FAE5-4F0B-826A-9BEF2303773B}"
EndProject
Project("{FAE04EC0-301F-11D3-BF4B-00C04F79EFBC}") = "Problem_3", "Problem_3\Problem_3.csproj", "{445FB5AF-2396-417F-BCBA-6B59390DEF50}"
EndProject
Project("{FAE04EC0-301F-11D3-BF4B-00C04F79EFBC}") = "Problem_4", "Problem_4\Problem_4.csproj", "{9C76F861-BC03-4B06-AD5A-D6F4C0B2D67B}"
EndProject
Project("{FAE04EC0-301F-11D3-BF4B-00C04F79EFBC}") = "Problem_5", "Problem_5\Problem_5.csproj", "{FAD85B90-ED0E-4BAB-9BB1-8686EBAA7CDA}"
EndProject
Project("{FAE04EC0-301F-11D3-BF4B-00C04F79EFBC}") = "Problem_6", "Problem_6\Problem_6.csproj", "{7DF34A9C-A744-4246-BAC8-48852FD499C1}"
EndProject
Project("{FAE04EC0-301F-11D3-BF4B-00C04F79EFBC}") = "Problem_7", "Problem_7\Problem_7.csproj", "{8EF710E0-808F-4378-93A4-A628DB9C1BB5}"
EndProject
Global
	GlobalSection(SolutionConfigurationPlatforms) = preSolution
		Debug|Any CPU = Debug|Any CPU
		Release|Any CPU = Release|Any CPU
	EndGlobalSection
	GlobalSection(ProjectConfigurationPlatforms) = postSolution
		{8EEF5B9C-85F4-438C-B988-500EE0220137}.Debug|Any CPU.ActiveCfg = Debug|Any CPU
		{8EEF5B9C-85F4-438C-B988-500EE0220137}.Debug|Any CPU.Build.0 = Debug|Any CPU
		{8EEF5B9C-85F4-438C-B988-500EE0220137}.Release|Any CPU.ActiveCfg = Release|Any CPU
		{8EEF5B9C-85F4-438C-B988-500EE0220137}.Release|Any CPU.Build.0 = Release|Any CPU
		{04F2E526-FAE5-4F0B-826A-9BEF2303773B}.Debug|Any CPU.ActiveCfg = Debug|Any CPU
		{04F2E526-FAE5-4F0B-826A-9BEF2303773B}.Debug|Any CPU.Build.0 = Debug|Any CPU
		{04F2E526-FAE5-4F0B-826A-9BEF2303773B}.Release|Any CPU.ActiveCfg = Release|Any CPU
		{04F2E526-FAE5-4F0B-826A-9BEF2303773B}.Release|Any CPU.Build.0 = Release|Any CPU
		{445FB5AF-2396-417F-BCBA-6B59390DEF50}.Debug|Any CPU.ActiveCfg = Debug|Any CPU
		{445FB5AF-2396-417F-BCBA-6B59390DEF50}.Debug|Any CPU.Build.0 = Debug|Any CPU
		{445FB5AF-2396-417F-BCBA-6B59390DEF50}.Release|Any CPU.ActiveCfg = Release|Any CPU
		{445FB5AF-2396-417F-BCBA-6B59390DEF50}.Release|Any CPU.Build.0 = Release|Any CPU
		{9C76F861-BC03-4B06-AD5A-D6F4C0B2D67B}.Debug|Any CPU.ActiveCfg = Debug|Any CPU
		{9C76F861-BC03-4B06-AD5A-D6F4C0B2D67B}.Debug|Any CPU.Build.0 = Debug|Any CPU
		{9C76F861-BC03-4B06-AD5A-D6F4C0B2D67B}.Release|Any CPU.ActiveCfg = Release|Any CPU
		{9C76F861-BC03-4B06-AD5A-D6F4C0B2D67B}.Release|Any CPU.Build.0 = Release|Any CPU
		{FAD85B90-ED0E-4BAB-9BB1-8686EBAA7CDA}.Debug|Any CPU.ActiveCfg = Debug|Any CPU
		{FAD85B90-ED0E-4BAB-9BB1-8686EBAA7CDA}.Debug|Any CPU.Build.0 = Debug|Any CPU
		{FAD85B90-ED0E-4BAB-9BB1-8686EBAA7CDA}.Release|Any CPU.ActiveCfg = Release|Any CPU
		{FAD85B90-ED0E-4BAB-9BB1-8686EBAA7CDA}.Release|Any CPU.Build.0 = Release|Any CPU
		{7DF34A9C-A744-4246-BAC8-48852FD499C1}.Debug|Any CPU.ActiveCfg = Debug|Any CPU
		{7DF34A9C-A744-4246-BAC8-48852FD499C1}.Debug|Any CPU.Build.0 = Debug|Any CPU
		{7DF34A9C-A744-4246-BAC8-48852FD499C1}.Release|Any CPU.ActiveCfg = Release|Any CPU
		{7DF34A9C-A744-4246-BAC8-48852FD499C1}.Release|Any CPU.Build.0 = Release|Any CPU
		{8EF710E0-808F-4378-93A4-A628DB9C1BB5}.Debug|Any CPU.ActiveCfg = Debug|Any CPU
		{8EF710E0-808F-4378-93A4-A628DB9C1BB5}.Debug|Any CPU.Build.0 = Debug|Any CPU
		{8EF710E0-808F-4378-93A4-A628DB9C1BB5}.Release|Any CPU.ActiveCfg = Release|Any CPU
		{8EF710E0-808F-4378-93A4-A628DB9C1BB5}.Release|Any CPU.Build.0 = Release|Any CPU
	EndGlobalSection
	GlobalSection(SolutionProperties) = preSolution
		HideSolutionNode = FALSE
	EndGlobalSection
EndGlobal
