
Microsoft Visual Studio Solution File, Format Version 12.00
# Visual Studio 14
VisualStudioVersion = 14.0.25420.1
MinimumVisualStudioVersion = 10.0.40219.1
Project("{FAE04EC0-301F-11D3-BF4B-00C04F79EFBC}") = "Problem_1", "Problem_1\Problem_1.csproj", "{55E6D19D-7B3F-49C9-BAD2-6C7490FEA91D}"
EndProject
Project("{FAE04EC0-301F-11D3-BF4B-00C04F79EFBC}") = "Problem_2", "Problem_2\Problem_2.csproj", "{93EA35AC-A0A1-42EE-ADD0-37025C9E200B}"
EndProject
Project("{FAE04EC0-301F-11D3-BF4B-00C04F79EFBC}") = "Problem_3", "Problem_3\Problem_3.csproj", "{5BAA4954-6043-413D-8A4E-BF56E471C4C9}"
EndProject
Project("{FAE04EC0-301F-11D3-BF4B-00C04F79EFBC}") = "Problem_4", "Problem_4\Problem_4.csproj", "{E6605C39-425A-4B0C-B661-8B95951F4D56}"
EndProject
Project("{FAE04EC0-301F-11D3-BF4B-00C04F79EFBC}") = "Problem_5", "Problem_5\Problem_5.csproj", "{10E20912-CEF0-4D4B-AC02-C2389901AE53}"
EndProject
Project("{FAE04EC0-301F-11D3-BF4B-00C04F79EFBC}") = "Problem_6", "Problem_6\Problem_6.csproj", "{DDE39F65-6182-4D48-92FE-F4828F08513A}"
EndProject
Project("{FAE04EC0-301F-11D3-BF4B-00C04F79EFBC}") = "Problem_7", "Problem_7\Problem_7.csproj", "{769495D1-2879-4C58-8F46-FB3181E45365}"
EndProject
Project("{FAE04EC0-301F-11D3-BF4B-00C04F79EFBC}") = "Problem_8", "Problem_8\Problem_8.csproj", "{6942D29B-EFEA-46F4-A46D-23E834593B91}"
EndProject
Project("{FAE04EC0-301F-11D3-BF4B-00C04F79EFBC}") = "Problem_9", "Problem_9\Problem_9.csproj", "{286A26C3-E2B2-4187-A79F-EA7329EB10C7}"
EndProject
Project("{FAE04EC0-301F-11D3-BF4B-00C04F79EFBC}") = "Problem_10", "Problem_10\Problem_10.csproj", "{AB97EC6F-ED94-4060-94E6-B8DE80A84FB1}"
EndProject
Global
	GlobalSection(SolutionConfigurationPlatforms) = preSolution
		Debug|Any CPU = Debug|Any CPU
		Release|Any CPU = Release|Any CPU
	EndGlobalSection
	GlobalSection(ProjectConfigurationPlatforms) = postSolution
		{55E6D19D-7B3F-49C9-BAD2-6C7490FEA91D}.Debug|Any CPU.ActiveCfg = Debug|Any CPU
		{55E6D19D-7B3F-49C9-BAD2-6C7490FEA91D}.Debug|Any CPU.Build.0 = Debug|Any CPU
		{55E6D19D-7B3F-49C9-BAD2-6C7490FEA91D}.Release|Any CPU.ActiveCfg = Release|Any CPU
		{55E6D19D-7B3F-49C9-BAD2-6C7490FEA91D}.Release|Any CPU.Build.0 = Release|Any CPU
		{93EA35AC-A0A1-42EE-ADD0-37025C9E200B}.Debug|Any CPU.ActiveCfg = Debug|Any CPU
		{93EA35AC-A0A1-42EE-ADD0-37025C9E200B}.Debug|Any CPU.Build.0 = Debug|Any CPU
		{93EA35AC-A0A1-42EE-ADD0-37025C9E200B}.Release|Any CPU.ActiveCfg = Release|Any CPU
		{93EA35AC-A0A1-42EE-ADD0-37025C9E200B}.Release|Any CPU.Build.0 = Release|Any CPU
		{5BAA4954-6043-413D-8A4E-BF56E471C4C9}.Debug|Any CPU.ActiveCfg = Debug|Any CPU
		{5BAA4954-6043-413D-8A4E-BF56E471C4C9}.Debug|Any CPU.Build.0 = Debug|Any CPU
		{5BAA4954-6043-413D-8A4E-BF56E471C4C9}.Release|Any CPU.ActiveCfg = Release|Any CPU
		{5BAA4954-6043-413D-8A4E-BF56E471C4C9}.Release|Any CPU.Build.0 = Release|Any CPU
		{E6605C39-425A-4B0C-B661-8B95951F4D56}.Debug|Any CPU.ActiveCfg = Debug|Any CPU
		{E6605C39-425A-4B0C-B661-8B95951F4D56}.Debug|Any CPU.Build.0 = Debug|Any CPU
		{E6605C39-425A-4B0C-B661-8B95951F4D56}.Release|Any CPU.ActiveCfg = Release|Any CPU
		{E6605C39-425A-4B0C-B661-8B95951F4D56}.Release|Any CPU.Build.0 = Release|Any CPU
		{10E20912-CEF0-4D4B-AC02-C2389901AE53}.Debug|Any CPU.ActiveCfg = Debug|Any CPU
		{10E20912-CEF0-4D4B-AC02-C2389901AE53}.Debug|Any CPU.Build.0 = Debug|Any CPU
		{10E20912-CEF0-4D4B-AC02-C2389901AE53}.Release|Any CPU.ActiveCfg = Release|Any CPU
		{10E20912-CEF0-4D4B-AC02-C2389901AE53}.Release|Any CPU.Build.0 = Release|Any CPU
		{DDE39F65-6182-4D48-92FE-F4828F08513A}.Debug|Any CPU.ActiveCfg = Debug|Any CPU
		{DDE39F65-6182-4D48-92FE-F4828F08513A}.Debug|Any CPU.Build.0 = Debug|Any CPU
		{DDE39F65-6182-4D48-92FE-F4828F08513A}.Release|Any CPU.ActiveCfg = Release|Any CPU
		{DDE39F65-6182-4D48-92FE-F4828F08513A}.Release|Any CPU.Build.0 = Release|Any CPU
		{769495D1-2879-4C58-8F46-FB3181E45365}.Debug|Any CPU.ActiveCfg = Debug|Any CPU
		{769495D1-2879-4C58-8F46-FB3181E45365}.Debug|Any CPU.Build.0 = Debug|Any CPU
		{769495D1-2879-4C58-8F46-FB3181E45365}.Release|Any CPU.ActiveCfg = Release|Any CPU
		{769495D1-2879-4C58-8F46-FB3181E45365}.Release|Any CPU.Build.0 = Release|Any CPU
		{6942D29B-EFEA-46F4-A46D-23E834593B91}.Debug|Any CPU.ActiveCfg = Debug|Any CPU
		{6942D29B-EFEA-46F4-A46D-23E834593B91}.Debug|Any CPU.Build.0 = Debug|Any CPU
		{6942D29B-EFEA-46F4-A46D-23E834593B91}.Release|Any CPU.ActiveCfg = Release|Any CPU
		{6942D29B-EFEA-46F4-A46D-23E834593B91}.Release|Any CPU.Build.0 = Release|Any CPU
		{286A26C3-E2B2-4187-A79F-EA7329EB10C7}.Debug|Any CPU.ActiveCfg = Debug|Any CPU
		{286A26C3-E2B2-4187-A79F-EA7329EB10C7}.Debug|Any CPU.Build.0 = Debug|Any CPU
		{286A26C3-E2B2-4187-A79F-EA7329EB10C7}.Release|Any CPU.ActiveCfg = Release|Any CPU
		{286A26C3-E2B2-4187-A79F-EA7329EB10C7}.Release|Any CPU.Build.0 = Release|Any CPU
		{AB97EC6F-ED94-4060-94E6-B8DE80A84FB1}.Debug|Any CPU.ActiveCfg = Debug|Any CPU
		{AB97EC6F-ED94-4060-94E6-B8DE80A84FB1}.Debug|Any CPU.Build.0 = Debug|Any CPU
		{AB97EC6F-ED94-4060-94E6-B8DE80A84FB1}.Release|Any CPU.ActiveCfg = Release|Any CPU
		{AB97EC6F-ED94-4060-94E6-B8DE80A84FB1}.Release|Any CPU.Build.0 = Release|Any CPU
	EndGlobalSection
	GlobalSection(SolutionProperties) = preSolution
		HideSolutionNode = FALSE
	EndGlobalSection
EndGlobal
