
Microsoft Visual Studio Solution File, Format Version 12.00
# Visual Studio 14
VisualStudioVersion = 14.0.25420.1
MinimumVisualStudioVersion = 10.0.40219.1
Project("{FAE04EC0-301F-11D3-BF4B-00C04F79EFBC}") = "Problem_1", "Problem_1\Problem_1.csproj", "{98E4EA12-C573-478D-8330-D42FD5066D65}"
EndProject
Project("{FAE04EC0-301F-11D3-BF4B-00C04F79EFBC}") = "Problem_2", "Problem_2\Problem_2.csproj", "{C2F9E356-A24E-441A-9257-ADF7EE190258}"
EndProject
Project("{FAE04EC0-301F-11D3-BF4B-00C04F79EFBC}") = "Problem_3", "Problem_3\Problem_3.csproj", "{0E3E8AF0-BE59-49F5-B830-A5190CCBA41D}"
EndProject
Project("{FAE04EC0-301F-11D3-BF4B-00C04F79EFBC}") = "Problem_4", "Problem_4\Problem_4.csproj", "{CC788F5C-47EA-482E-8977-9135F74FA13F}"
EndProject
Project("{FAE04EC0-301F-11D3-BF4B-00C04F79EFBC}") = "Problem_5", "Problem_5\Problem_5.csproj", "{B28AF81A-3BE1-4DB6-8283-ABFBA33A930C}"
EndProject
Project("{FAE04EC0-301F-11D3-BF4B-00C04F79EFBC}") = "Problem_6", "Problem_6\Problem_6.csproj", "{8F7FB63D-C817-4C91-9DA4-80836A1D0AD9}"
EndProject
Project("{FAE04EC0-301F-11D3-BF4B-00C04F79EFBC}") = "Problem_7", "Problem_7\Problem_7.csproj", "{724EEAAA-A145-4EE7-A55D-6688C0A6B980}"
EndProject
Project("{FAE04EC0-301F-11D3-BF4B-00C04F79EFBC}") = "Problem_8", "Problem_8\Problem_8.csproj", "{C1BA4DBC-4FDB-4570-A1B9-B5DCEACF1C18}"
EndProject
Project("{FAE04EC0-301F-11D3-BF4B-00C04F79EFBC}") = "Problem_9", "Problem_9\Problem_9.csproj", "{FCC679FD-11BE-439D-96A7-98F1F248C560}"
EndProject
Project("{FAE04EC0-301F-11D3-BF4B-00C04F79EFBC}") = "Problem_10", "Problem_10\Problem_10.csproj", "{0A8D6212-3ECF-4FE5-BFD0-FCA9AD774284}"
EndProject
Project("{FAE04EC0-301F-11D3-BF4B-00C04F79EFBC}") = "Problem_11", "Problem_11\Problem_11.csproj", "{BA294DBA-A5B8-418B-8138-C45B7E3FD920}"
EndProject
Project("{FAE04EC0-301F-11D3-BF4B-00C04F79EFBC}") = "Problem_12", "Problem_12\Problem_12.csproj", "{500AC880-AD15-4C6A-A821-011D5CE326A1}"
EndProject
Project("{FAE04EC0-301F-11D3-BF4B-00C04F79EFBC}") = "Problem_13", "Problem_13\Problem_13.csproj", "{0B971556-767E-45B8-9113-C4C669D2BF4A}"
EndProject
Project("{FAE04EC0-301F-11D3-BF4B-00C04F79EFBC}") = "Problem_14", "Problem_14\Problem_14.csproj", "{7D4EB756-E785-450C-BC61-64CF7D744BB7}"
EndProject
Project("{FAE04EC0-301F-11D3-BF4B-00C04F79EFBC}") = "Problem_15", "Problem_15\Problem_15.csproj", "{474499DF-0305-4CA8-AE5C-E30D84B0B928}"
EndProject
Project("{FAE04EC0-301F-11D3-BF4B-00C04F79EFBC}") = "Problem_16", "Problem_16\Problem_16.csproj", "{60A556E3-A1F3-4A95-86C7-F91E34C96FD4}"
EndProject
Project("{FAE04EC0-301F-11D3-BF4B-00C04F79EFBC}") = "Problem_17", "Problem_17\Problem_17.csproj", "{0F92C424-CAC6-4F14-9F57-2BA8AEE0779B}"
EndProject
Project("{FAE04EC0-301F-11D3-BF4B-00C04F79EFBC}") = "Problem_18", "Problem_18\Problem_18.csproj", "{47CB77C1-6F94-44E9-A820-1A9BFCF868C6}"
EndProject
Global
	GlobalSection(SolutionConfigurationPlatforms) = preSolution
		Debug|Any CPU = Debug|Any CPU
		Release|Any CPU = Release|Any CPU
	EndGlobalSection
	GlobalSection(ProjectConfigurationPlatforms) = postSolution
		{98E4EA12-C573-478D-8330-D42FD5066D65}.Debug|Any CPU.ActiveCfg = Debug|Any CPU
		{98E4EA12-C573-478D-8330-D42FD5066D65}.Debug|Any CPU.Build.0 = Debug|Any CPU
		{98E4EA12-C573-478D-8330-D42FD5066D65}.Release|Any CPU.ActiveCfg = Release|Any CPU
		{98E4EA12-C573-478D-8330-D42FD5066D65}.Release|Any CPU.Build.0 = Release|Any CPU
		{C2F9E356-A24E-441A-9257-ADF7EE190258}.Debug|Any CPU.ActiveCfg = Debug|Any CPU
		{C2F9E356-A24E-441A-9257-ADF7EE190258}.Debug|Any CPU.Build.0 = Debug|Any CPU
		{C2F9E356-A24E-441A-9257-ADF7EE190258}.Release|Any CPU.ActiveCfg = Release|Any CPU
		{C2F9E356-A24E-441A-9257-ADF7EE190258}.Release|Any CPU.Build.0 = Release|Any CPU
		{0E3E8AF0-BE59-49F5-B830-A5190CCBA41D}.Debug|Any CPU.ActiveCfg = Debug|Any CPU
		{0E3E8AF0-BE59-49F5-B830-A5190CCBA41D}.Debug|Any CPU.Build.0 = Debug|Any CPU
		{0E3E8AF0-BE59-49F5-B830-A5190CCBA41D}.Release|Any CPU.ActiveCfg = Release|Any CPU
		{0E3E8AF0-BE59-49F5-B830-A5190CCBA41D}.Release|Any CPU.Build.0 = Release|Any CPU
		{CC788F5C-47EA-482E-8977-9135F74FA13F}.Debug|Any CPU.ActiveCfg = Debug|Any CPU
		{CC788F5C-47EA-482E-8977-9135F74FA13F}.Debug|Any CPU.Build.0 = Debug|Any CPU
		{CC788F5C-47EA-482E-8977-9135F74FA13F}.Release|Any CPU.ActiveCfg = Release|Any CPU
		{CC788F5C-47EA-482E-8977-9135F74FA13F}.Release|Any CPU.Build.0 = Release|Any CPU
		{B28AF81A-3BE1-4DB6-8283-ABFBA33A930C}.Debug|Any CPU.ActiveCfg = Debug|Any CPU
		{B28AF81A-3BE1-4DB6-8283-ABFBA33A930C}.Debug|Any CPU.Build.0 = Debug|Any CPU
		{B28AF81A-3BE1-4DB6-8283-ABFBA33A930C}.Release|Any CPU.ActiveCfg = Release|Any CPU
		{B28AF81A-3BE1-4DB6-8283-ABFBA33A930C}.Release|Any CPU.Build.0 = Release|Any CPU
		{8F7FB63D-C817-4C91-9DA4-80836A1D0AD9}.Debug|Any CPU.ActiveCfg = Debug|Any CPU
		{8F7FB63D-C817-4C91-9DA4-80836A1D0AD9}.Debug|Any CPU.Build.0 = Debug|Any CPU
		{8F7FB63D-C817-4C91-9DA4-80836A1D0AD9}.Release|Any CPU.ActiveCfg = Release|Any CPU
		{8F7FB63D-C817-4C91-9DA4-80836A1D0AD9}.Release|Any CPU.Build.0 = Release|Any CPU
		{724EEAAA-A145-4EE7-A55D-6688C0A6B980}.Debug|Any CPU.ActiveCfg = Debug|Any CPU
		{724EEAAA-A145-4EE7-A55D-6688C0A6B980}.Debug|Any CPU.Build.0 = Debug|Any CPU
		{724EEAAA-A145-4EE7-A55D-6688C0A6B980}.Release|Any CPU.ActiveCfg = Release|Any CPU
		{724EEAAA-A145-4EE7-A55D-6688C0A6B980}.Release|Any CPU.Build.0 = Release|Any CPU
		{C1BA4DBC-4FDB-4570-A1B9-B5DCEACF1C18}.Debug|Any CPU.ActiveCfg = Debug|Any CPU
		{C1BA4DBC-4FDB-4570-A1B9-B5DCEACF1C18}.Debug|Any CPU.Build.0 = Debug|Any CPU
		{C1BA4DBC-4FDB-4570-A1B9-B5DCEACF1C18}.Release|Any CPU.ActiveCfg = Release|Any CPU
		{C1BA4DBC-4FDB-4570-A1B9-B5DCEACF1C18}.Release|Any CPU.Build.0 = Release|Any CPU
		{FCC679FD-11BE-439D-96A7-98F1F248C560}.Debug|Any CPU.ActiveCfg = Debug|Any CPU
		{FCC679FD-11BE-439D-96A7-98F1F248C560}.Debug|Any CPU.Build.0 = Debug|Any CPU
		{FCC679FD-11BE-439D-96A7-98F1F248C560}.Release|Any CPU.ActiveCfg = Release|Any CPU
		{FCC679FD-11BE-439D-96A7-98F1F248C560}.Release|Any CPU.Build.0 = Release|Any CPU
		{0A8D6212-3ECF-4FE5-BFD0-FCA9AD774284}.Debug|Any CPU.ActiveCfg = Debug|Any CPU
		{0A8D6212-3ECF-4FE5-BFD0-FCA9AD774284}.Debug|Any CPU.Build.0 = Debug|Any CPU
		{0A8D6212-3ECF-4FE5-BFD0-FCA9AD774284}.Release|Any CPU.ActiveCfg = Release|Any CPU
		{0A8D6212-3ECF-4FE5-BFD0-FCA9AD774284}.Release|Any CPU.Build.0 = Release|Any CPU
		{BA294DBA-A5B8-418B-8138-C45B7E3FD920}.Debug|Any CPU.ActiveCfg = Debug|Any CPU
		{BA294DBA-A5B8-418B-8138-C45B7E3FD920}.Debug|Any CPU.Build.0 = Debug|Any CPU
		{BA294DBA-A5B8-418B-8138-C45B7E3FD920}.Release|Any CPU.ActiveCfg = Release|Any CPU
		{BA294DBA-A5B8-418B-8138-C45B7E3FD920}.Release|Any CPU.Build.0 = Release|Any CPU
		{500AC880-AD15-4C6A-A821-011D5CE326A1}.Debug|Any CPU.ActiveCfg = Debug|Any CPU
		{500AC880-AD15-4C6A-A821-011D5CE326A1}.Debug|Any CPU.Build.0 = Debug|Any CPU
		{500AC880-AD15-4C6A-A821-011D5CE326A1}.Release|Any CPU.ActiveCfg = Release|Any CPU
		{500AC880-AD15-4C6A-A821-011D5CE326A1}.Release|Any CPU.Build.0 = Release|Any CPU
		{0B971556-767E-45B8-9113-C4C669D2BF4A}.Debug|Any CPU.ActiveCfg = Debug|Any CPU
		{0B971556-767E-45B8-9113-C4C669D2BF4A}.Debug|Any CPU.Build.0 = Debug|Any CPU
		{0B971556-767E-45B8-9113-C4C669D2BF4A}.Release|Any CPU.ActiveCfg = Release|Any CPU
		{0B971556-767E-45B8-9113-C4C669D2BF4A}.Release|Any CPU.Build.0 = Release|Any CPU
		{7D4EB756-E785-450C-BC61-64CF7D744BB7}.Debug|Any CPU.ActiveCfg = Debug|Any CPU
		{7D4EB756-E785-450C-BC61-64CF7D744BB7}.Debug|Any CPU.Build.0 = Debug|Any CPU
		{7D4EB756-E785-450C-BC61-64CF7D744BB7}.Release|Any CPU.ActiveCfg = Release|Any CPU
		{7D4EB756-E785-450C-BC61-64CF7D744BB7}.Release|Any CPU.Build.0 = Release|Any CPU
		{474499DF-0305-4CA8-AE5C-E30D84B0B928}.Debug|Any CPU.ActiveCfg = Debug|Any CPU
		{474499DF-0305-4CA8-AE5C-E30D84B0B928}.Debug|Any CPU.Build.0 = Debug|Any CPU
		{474499DF-0305-4CA8-AE5C-E30D84B0B928}.Release|Any CPU.ActiveCfg = Release|Any CPU
		{474499DF-0305-4CA8-AE5C-E30D84B0B928}.Release|Any CPU.Build.0 = Release|Any CPU
		{60A556E3-A1F3-4A95-86C7-F91E34C96FD4}.Debug|Any CPU.ActiveCfg = Debug|Any CPU
		{60A556E3-A1F3-4A95-86C7-F91E34C96FD4}.Debug|Any CPU.Build.0 = Debug|Any CPU
		{60A556E3-A1F3-4A95-86C7-F91E34C96FD4}.Release|Any CPU.ActiveCfg = Release|Any CPU
		{60A556E3-A1F3-4A95-86C7-F91E34C96FD4}.Release|Any CPU.Build.0 = Release|Any CPU
		{0F92C424-CAC6-4F14-9F57-2BA8AEE0779B}.Debug|Any CPU.ActiveCfg = Debug|Any CPU
		{0F92C424-CAC6-4F14-9F57-2BA8AEE0779B}.Debug|Any CPU.Build.0 = Debug|Any CPU
		{0F92C424-CAC6-4F14-9F57-2BA8AEE0779B}.Release|Any CPU.ActiveCfg = Release|Any CPU
		{0F92C424-CAC6-4F14-9F57-2BA8AEE0779B}.Release|Any CPU.Build.0 = Release|Any CPU
		{47CB77C1-6F94-44E9-A820-1A9BFCF868C6}.Debug|Any CPU.ActiveCfg = Debug|Any CPU
		{47CB77C1-6F94-44E9-A820-1A9BFCF868C6}.Debug|Any CPU.Build.0 = Debug|Any CPU
		{47CB77C1-6F94-44E9-A820-1A9BFCF868C6}.Release|Any CPU.ActiveCfg = Release|Any CPU
		{47CB77C1-6F94-44E9-A820-1A9BFCF868C6}.Release|Any CPU.Build.0 = Release|Any CPU
	EndGlobalSection
	GlobalSection(SolutionProperties) = preSolution
		HideSolutionNode = FALSE
	EndGlobalSection
EndGlobal
